{
  "name": "afn",
  "version": "2.1.2",
  "lockfileVersion": 1,
  "requires": true,
  "dependencies": {
    "acorn": {
      "version": "5.7.3",
      "resolved": "https://registry.npmjs.org/acorn/-/acorn-5.7.3.tgz",
      "integrity": "sha512-T/zvzYRfbVojPWahDsE5evJdHb3oJoQfFbsrKM7w5Zcs++Tr257tia3BmMP8XYVjp1S9RZXQMh7gao96BlqZOw=="
    },
    "acorn-es7-plugin": {
      "version": "1.1.7",
      "resolved": "https://registry.npmjs.org/acorn-es7-plugin/-/acorn-es7-plugin-1.1.7.tgz",
      "integrity": "sha1-8u4fMiipDurRJF+asZIusucdM2s="
    },
    "nodent": {
      "version": "3.2.11",
      "resolved": "https://registry.npmjs.org/nodent/-/nodent-3.2.11.tgz",
      "integrity": "sha512-y+ofPYAJvGJB50B95pE26iPJqdTzgYKW3AjsqdLQboetJxH8tGRn1vr1gIe+z7PA7ZwcEUTOrahj6RaVzU2ivA==",
      "requires": {
        "nodent-compiler": "^3.2.11",
        "nodent-runtime": "^3.2.1",
        "resolve": "^1.5.0"
      }
    },
    "nodent-compiler": {
      "version": "3.2.11",
      "resolved": "https://registry.npmjs.org/nodent-compiler/-/nodent-compiler-3.2.11.tgz",
      "integrity": "sha512-rfDrGWdgIJYomPUzR8nXiWNuIhJ7cVodPeZP3Ho65LEycuaX2uVNZ0ytpcfrmUKzdFeLRtye9+pHe8OynPZuPQ==",
      "requires": {
        "acorn": ">= 2.5.2 <= 5.7.3",
        "acorn-es7-plugin": "^1.1.7",
        "nodent-transform": "^3.2.9",
        "source-map": "^0.5.7"
      }
    },
    "nodent-runtime": {
      "version": "3.2.1",
      "resolved": "https://registry.npmjs.org/nodent-runtime/-/nodent-runtime-3.2.1.tgz",
      "integrity": "sha512-7Ws63oC+215smeKJQCxzrK21VFVlCFBkwl0MOObt0HOpVQXs3u483sAmtkF33nNqZ5rSOQjB76fgyPBmAUrtCA=="
    },
    "nodent-transform": {
      "version": "3.2.9",
      "resolved": "https://registry.npmjs.org/nodent-transform/-/nodent-transform-3.2.9.tgz",
      "integrity": "sha512-4a5FH4WLi+daH/CGD5o/JWRR8W5tlCkd3nrDSkxbOzscJTyTUITltvOJeQjg3HJ1YgEuNyiPhQbvbtRjkQBByQ=="
    },
    "path-parse": {
      "version": "1.0.6",
      "resolved": "https://registry.npmjs.org/path-parse/-/path-parse-1.0.6.tgz",
      "integrity": "sha512-GSmOT2EbHrINBf9SR7CDELwlJ8AENk3Qn7OikK4nFYAu3Ote2+JYNVvkpAEQm3/TLNEJFD/xZJjzyxg3KBWOzw=="
    },
    "resolve": {
      "version": "1.10.1",
      "resolved": "https://registry.npmjs.org/resolve/-/resolve-1.10.1.tgz",
      "integrity": "sha512-KuIe4mf++td/eFb6wkaPbMDnP6kObCaEtIDuHOUED6MNUo4K670KZUHuuvYPZDxNF0WVLw49n06M2m2dXphEzA==",
      "requires": {
        "path-parse": "^1.0.6"
      }
    },
    "source-map": {
      "version": "0.5.7",
      "resolved": "https://registry.npmjs.org/source-map/-/source-map-0.5.7.tgz",
      "integrity": "sha1-igOdLRAh0i0eoUyA2OpGi6LvP8w="
    }
  }
}
